// !$*UTF8*$!
{
	archiveVersion = 1;
	classes = {
	};
	objectVersion = 56;
	objects = {

/* Begin PBXBuildFile section */
		AC63CE1B2B7355A4004C18F8 /* AppDelegate.swift in Sources */ = {isa = PBXBuildFile; fileRef = AC63CE1A2B7355A4004C18F8 /* AppDelegate.swift */; };
		AC63CE1D2B7355A4004C18F8 /* SceneDelegate.swift in Sources */ = {isa = PBXBuildFile; fileRef = AC63CE1C2B7355A4004C18F8 /* SceneDelegate.swift */; };
		AC63CE1F2B7355A4004C18F8 /* ViewController.swift in Sources */ = {isa = PBXBuildFile; fileRef = AC63CE1E2B7355A4004C18F8 /* ViewController.swift */; };
		AC63CE222B7355A4004C18F8 /* Main.storyboard in Resources */ = {isa = PBXBuildFile; fileRef = AC63CE202B7355A4004C18F8 /* Main.storyboard */; };
		AC63CE242B7355A5004C18F8 /* Assets.xcassets in Resources */ = {isa = PBXBuildFile; fileRef = AC63CE232B7355A5004C18F8 /* Assets.xcassets */; };
		AC63CE272B7355A5004C18F8 /* LaunchScreen.storyboard in Resources */ = {isa = PBXBuildFile; fileRef = AC63CE252B7355A5004C18F8 /* LaunchScreen.storyboard */; };
		AC63CE322B7355A5004C18F8 /* ChatIMTests.swift in Sources */ = {isa = PBXBuildFile; fileRef = AC63CE312B7355A5004C18F8 /* ChatIMTests.swift */; };
		AC63CE3C2B7355A5004C18F8 /* ChatIMUITests.swift in Sources */ = {isa = PBXBuildFile; fileRef = AC63CE3B2B7355A5004C18F8 /* ChatIMUITests.swift */; };
		AC63CE3E2B7355A5004C18F8 /* ChatIMUITestsLaunchTests.swift in Sources */ = {isa = PBXBuildFile; fileRef = AC63CE3D2B7355A5004C18F8 /* ChatIMUITestsLaunchTests.swift */; };
/* End PBXBuildFile section */

/* Begin PBXContainerItemProxy section */
		AC63CE2E2B7355A5004C18F8 /* PBXContainerItemProxy */ = {
			isa = PBXContainerItemProxy;
			containerPortal = AC63CE0F2B7355A4004C18F8 /* Project object */;
			proxyType = 1;
			remoteGlobalIDString = AC63CE162B7355A4004C18F8;
			remoteInfo = ChatIM;
		};
		AC63CE382B7355A5004C18F8 /* PBXContainerItemProxy */ = {
			isa = PBXContainerItemProxy;
			containerPortal = AC63CE0F2B7355A4004C18F8 /* Project object */;
			proxyType = 1;
			remoteGlobalIDString = AC63CE162B7355A4004C18F8;
			remoteInfo = ChatIM;
		};
/* End PBXContainerItemProxy section */

/* Begin PBXFileReference section */
		AC63CE172B7355A4004C18F8 /* ChatIM.app */ = {isa = PBXFileReference; explicitFileType = wrapper.application; includeInIndex = 0; path = ChatIM.app; sourceTree = BUILT_PRODUCTS_DIR; };
		AC63CE1A2B7355A4004C18F8 /* AppDelegate.swift */ = {isa = PBXFileReference; lastKnownFileType = sourcecode.swift; path = AppDelegate.swift; sourceTree = "<group>"; };
		AC63CE1C2B7355A4004C18F8 /* SceneDelegate.swift */ = {isa = PBXFileReference; lastKnownFileType = sourcecode.swift; path = SceneDelegate.swift; sourceTree = "<group>"; };
		AC63CE1E2B7355A4004C18F8 /* ViewController.swift */ = {isa = PBXFileReference; lastKnownFileType = sourcecode.swift; path = ViewController.swift; sourceTree = "<group>"; };
		AC63CE212B7355A4004C18F8 /* Base */ = {isa = PBXFileReference; lastKnownFileType = file.storyboard; name = Base; path = Base.lproj/Main.storyboard; sourceTree = "<group>"; };
		AC63CE232B7355A5004C18F8 /* Assets.xcassets */ = {isa = PBXFileReference; lastKnownFileType = folder.assetcatalog; path = Assets.xcassets; sourceTree = "<group>"; };
		AC63CE262B7355A5004C18F8 /* Base */ = {isa = PBXFileReference; lastKnownFileType = file.storyboard; name = Base; path = Base.lproj/LaunchScreen.storyboard; sourceTree = "<group>"; };
		AC63CE282B7355A5004C18F8 /* Info.plist */ = {isa = PBXFileReference; lastKnownFileType = text.plist.xml; path = Info.plist; sourceTree = "<group>"; };
		AC63CE2D2B7355A5004C18F8 /* ChatIMTests.xctest */ = {isa = PBXFileReference; explicitFileType = wrapper.cfbundle; includeInIndex = 0; path = ChatIMTests.xctest; sourceTree = BUILT_PRODUCTS_DIR; };
		AC63CE312B7355A5004C18F8 /* ChatIMTests.swift */ = {isa = PBXFileReference; lastKnownFileType = sourcecode.swift; path = ChatIMTests.swift; sourceTree = "<group>"; };
		AC63CE372B7355A5004C18F8 /* ChatIMUITests.xctest */ = {isa = PBXFileReference; explicitFileType = wrapper.cfbundle; includeInIndex = 0; path = ChatIMUITests.xctest; sourceTree = BUILT_PRODUCTS_DIR; };
		AC63CE3B2B7355A5004C18F8 /* ChatIMUITests.swift */ = {isa = PBXFileReference; lastKnownFileType = sourcecode.swift; path = ChatIMUITests.swift; sourceTree = "<group>"; };
		AC63CE3D2B7355A5004C18F8 /* ChatIMUITestsLaunchTests.swift */ = {isa = PBXFileReference; lastKnownFileType = sourcecode.swift; path = ChatIMUITestsLaunchTests.swift; sourceTree = "<group>"; };
/* End PBXFileReference section */

/* Begin PBXFrameworksBuildPhase section */
		AC63CE142B7355A4004C18F8 /* Frameworks */ = {
			isa = PBXFrameworksBuildPhase;
			buildActionMask = 2147483647;
			files = (
			);
			runOnlyForDeploymentPostprocessing = 0;
		};
		AC63CE2A2B7355A5004C18F8 /* Frameworks */ = {
			isa = PBXFrameworksBuildPhase;
			buildActionMask = 2147483647;
			files = (
			);
			runOnlyForDeploymentPostprocessing = 0;
		};
		AC63CE342B7355A5004C18F8 /* Frameworks */ = {
			isa = PBXFrameworksBuildPhase;
			buildActionMask = 2147483647;
			files = (
			);
			runOnlyForDeploymentPostprocessing = 0;
		};
/* End PBXFrameworksBuildPhase section */

/* Begin PBXGroup section */
		AC63CE0E2B7355A4004C18F8 = {
			isa = PBXGroup;
			children = (
				AC63CE192B7355A4004C18F8 /* ChatIM */,
				AC63CE302B7355A5004C18F8 /* ChatIMTests */,
				AC63CE3A2B7355A5004C18F8 /* ChatIMUITests */,
				AC63CE182B7355A4004C18F8 /* Products */,
			);
			sourceTree = "<group>";
		};
		AC63CE182B7355A4004C18F8 /* Products */ = {
			isa = PBXGroup;
			children = (
				AC63CE172B7355A4004C18F8 /* ChatIM.app */,
				AC63CE2D2B7355A5004C18F8 /* ChatIMTests.xctest */,
				AC63CE372B7355A5004C18F8 /* ChatIMUITests.xctest */,
			);
			name = Products;
			sourceTree = "<group>";
		};
		AC63CE192B7355A4004C18F8 /* ChatIM */ = {
			isa = PBXGroup;
			children = (
				AC63CE1A2B7355A4004C18F8 /* AppDelegate.swift */,
				AC63CE1C2B7355A4004C18F8 /* SceneDelegate.swift */,
				AC63CE1E2B7355A4004C18F8 /* ViewController.swift */,
				AC63CE202B7355A4004C18F8 /* Main.storyboard */,
				AC63CE232B7355A5004C18F8 /* Assets.xcassets */,
				AC63CE252B7355A5004C18F8 /* LaunchScreen.storyboard */,
				AC63CE282B7355A5004C18F8 /* Info.plist */,
			);
			path = ChatIM;
			sourceTree = "<group>";
		};
		AC63CE302B7355A5004C18F8 /* ChatIMTests */ = {
			isa = PBXGroup;
			children = (
				AC63CE312B7355A5004C18F8 /* ChatIMTests.swift */,
			);
			path = ChatIMTests;
			sourceTree = "<group>";
		};
		AC63CE3A2B7355A5004C18F8 /* ChatIMUITests */ = {
			isa = PBXGroup;
			children = (
				AC63CE3B2B7355A5004C18F8 /* ChatIMUITests.swift */,
				AC63CE3D2B7355A5004C18F8 /* ChatIMUITestsLaunchTests.swift */,
			);
			path = ChatIMUITests;
			sourceTree = "<group>";
		};
/* End PBXGroup section */

/* Begin PBXNativeTarget section */
		AC63CE162B7355A4004C18F8 /* ChatIM */ = {
			isa = PBXNativeTarget;
			buildConfigurationList = AC63CE412B7355A5004C18F8 /* Build configuration list for PBXNativeTarget "ChatIM" */;
			buildPhases = (
				AC63CE132B7355A4004C18F8 /* Sources */,
				AC63CE142B7355A4004C18F8 /* Frameworks */,
				AC63CE152B7355A4004C18F8 /* Resources */,
			);
			buildRules = (
			);
			dependencies = (
			);
			name = ChatIM;
			productName = ChatIM;
			productReference = AC63CE172B7355A4004C18F8 /* ChatIM.app */;
			productType = "com.apple.product-type.application";
		};
		AC63CE2C2B7355A5004C18F8 /* ChatIMTests */ = {
			isa = PBXNativeTarget;
			buildConfigurationList = AC63CE442B7355A5004C18F8 /* Build configuration list for PBXNativeTarget "ChatIMTests" */;
			buildPhases = (
				AC63CE292B7355A5004C18F8 /* Sources */,
				AC63CE2A2B7355A5004C18F8 /* Frameworks */,
				AC63CE2B2B7355A5004C18F8 /* Resources */,
			);
			buildRules = (
			);
			dependencies = (
				AC63CE2F2B7355A5004C18F8 /* PBXTargetDependency */,
			);
			name = ChatIMTests;
			productName = ChatIMTests;
			productReference = AC63CE2D2B7355A5004C18F8 /* ChatIMTests.xctest */;
			productType = "com.apple.product-type.bundle.unit-test";
		};
		AC63CE362B7355A5004C18F8 /* ChatIMUITests */ = {
			isa = PBXNativeTarget;
			buildConfigurationList = AC63CE472B7355A5004C18F8 /* Build configuration list for PBXNativeTarget "ChatIMUITests" */;
			buildPhases = (
				AC63CE332B7355A5004C18F8 /* Sources */,
				AC63CE342B7355A5004C18F8 /* Frameworks */,
				AC63CE352B7355A5004C18F8 /* Resources */,
			);
			buildRules = (
			);
			dependencies = (
				AC63CE392B7355A5004C18F8 /* PBXTargetDependency */,
			);
			name = ChatIMUITests;
			productName = ChatIMUITests;
			productReference = AC63CE372B7355A5004C18F8 /* ChatIMUITests.xctest */;
			productType = "com.apple.product-type.bundle.ui-testing";
		};
/* End PBXNativeTarget section */

/* Begin PBXProject section */
		AC63CE0F2B7355A4004C18F8 /* Project object */ = {
			isa = PBXProject;
			attributes = {
				BuildIndependentTargetsInParallel = 1;
				LastSwiftUpdateCheck = 1520;
				LastUpgradeCheck = 1520;
				TargetAttributes = {
					AC63CE162B7355A4004C18F8 = {
						CreatedOnToolsVersion = 15.2;
					};
					AC63CE2C2B7355A5004C18F8 = {
						CreatedOnToolsVersion = 15.2;
						TestTargetID = AC63CE162B7355A4004C18F8;
					};
					AC63CE362B7355A5004C18F8 = {
						CreatedOnToolsVersion = 15.2;
						TestTargetID = AC63CE162B7355A4004C18F8;
					};
				};
			};
			buildConfigurationList = AC63CE122B7355A4004C18F8 /* Build configuration list for PBXProject "ChatIM" */;
			compatibilityVersion = "Xcode 14.0";
			developmentRegion = en;
			hasScannedForEncodings = 0;
			knownRegions = (
				en,
				Base,
			);
			mainGroup = AC63CE0E2B7355A4004C18F8;
			productRefGroup = AC63CE182B7355A4004C18F8 /* Products */;
			projectDirPath = "";
			projectRoot = "";
			targets = (
				AC63CE162B7355A4004C18F8 /* ChatIM */,
				AC63CE2C2B7355A5004C18F8 /* ChatIMTests */,
				AC63CE362B7355A5004C18F8 /* ChatIMUITests */,
			);
		};
/* End PBXProject section */

/* Begin PBXResourcesBuildPhase section */
		AC63CE152B7355A4004C18F8 /* Resources */ = {
			isa = PBXResourcesBuildPhase;
			buildActionMask = 2147483647;
			files = (
				AC63CE272B7355A5004C18F8 /* LaunchScreen.storyboard in Resources */,
				AC63CE242B7355A5004C18F8 /* Assets.xcassets in Resources */,
				AC63CE222B7355A4004C18F8 /* Main.storyboard in Resources */,
			);
			runOnlyForDeploymentPostprocessing = 0;
		};
		AC63CE2B2B7355A5004C18F8 /* Resources */ = {
			isa = PBXResourcesBuildPhase;
			buildActionMask = 2147483647;
			files = (
			);
			runOnlyForDeploymentPostprocessing = 0;
		};
		AC63CE352B7355A5004C18F8 /* Resources */ = {
			isa = PBXResourcesBuildPhase;
			buildActionMask = 2147483647;
			files = (
			);
			runOnlyForDeploymentPostprocessing = 0;
		};
/* End PBXResourcesBuildPhase section */

/* Begin PBXSourcesBuildPhase section */
		AC63CE132B7355A4004C18F8 /* Sources */ = {
			isa = PBXSourcesBuildPhase;
			buildActionMask = 2147483647;
			files = (
				AC63CE1F2B7355A4004C18F8 /* ViewController.swift in Sources */,
				AC63CE1B2B7355A4004C18F8 /* AppDelegate.swift in Sources */,
				AC63CE1D2B7355A4004C18F8 /* SceneDelegate.swift in Sources */,
			);
			runOnlyForDeploymentPostprocessing = 0;
		};
		AC63CE292B7355A5004C18F8 /* Sources */ = {
			isa = PBXSourcesBuildPhase;
			buildActionMask = 2147483647;
			files = (
				AC63CE322B7355A5004C18F8 /* ChatIMTests.swift in Sources */,
			);
			runOnlyForDeploymentPostprocessing = 0;
		};
		AC63CE332B7355A5004C18F8 /* Sources */ = {
			isa = PBXSourcesBuildPhase;
			buildActionMask = 2147483647;
			files = (
				AC63CE3E2B7355A5004C18F8 /* ChatIMUITestsLaunchTests.swift in Sources */,
				AC63CE3C2B7355A5004C18F8 /* ChatIMUITests.swift in Sources */,
			);
			runOnlyForDeploymentPostprocessing = 0;
		};
/* End PBXSourcesBuildPhase section */

/* Begin PBXTargetDependency section */
		AC63CE2F2B7355A5004C18F8 /* PBXTargetDependency */ = {
			isa = PBXTargetDependency;
			target = AC63CE162B7355A4004C18F8 /* ChatIM */;
			targetProxy = AC63CE2E2B7355A5004C18F8 /* PBXContainerItemProxy */;
		};
		AC63CE392B7355A5004C18F8 /* PBXTargetDependency */ = {
			isa = PBXTargetDependency;
			target = AC63CE162B7355A4004C18F8 /* ChatIM */;
			targetProxy = AC63CE382B7355A5004C18F8 /* PBXContainerItemProxy */;
		};
/* End PBXTargetDependency section */

/* Begin PBXVariantGroup section */
		AC63CE202B7355A4004C18F8 /* Main.storyboard */ = {
			isa = PBXVariantGroup;
			children = (
				AC63CE212B7355A4004C18F8 /* Base */,
			);
			name = Main.storyboard;
			sourceTree = "<group>";
		};
		AC63CE252B7355A5004C18F8 /* LaunchScreen.storyboard */ = {
			isa = PBXVariantGroup;
			children = (
				AC63CE262B7355A5004C18F8 /* Base */,
			);
			name = LaunchScreen.storyboard;
			sourceTree = "<group>";
		};
/* End PBXVariantGroup section */

/* Begin XCBuildConfiguration section */
		AC63CE3F2B7355A5004C18F8 /* Debug */ = {
			isa = XCBuildConfiguration;
			buildSettings = {
				ALWAYS_SEARCH_USER_PATHS = NO;
				ASSETCATALOG_COMPILER_GENERATE_SWIFT_ASSET_SYMBOL_EXTENSIONS = YES;
				CLANG_ANALYZER_NONNULL = YES;
				CLANG_ANALYZER_NUMBER_OBJECT_CONVERSION = YES_AGGRESSIVE;
				CLANG_CXX_LANGUAGE_STANDARD = "gnu++20";
				CLANG_ENABLE_MODULES = YES;
				CLANG_ENABLE_OBJC_ARC = YES;
				CLANG_ENABLE_OBJC_WEAK = YES;
				CLANG_WARN_BLOCK_CAPTURE_AUTORELEASING = YES;
				CLANG_WARN_BOOL_CONVERSION = YES;
				CLANG_WARN_COMMA = YES;
				CLANG_WARN_CONSTANT_CONVERSION = YES;
				CLANG_WARN_DEPRECATED_OBJC_IMPLEMENTATIONS = YES;
				CLANG_WARN_DIRECT_OBJC_ISA_USAGE = YES_ERROR;
				CLANG_WARN_DOCUMENTATION_COMMENTS = YES;
				CLANG_WARN_EMPTY_BODY = YES;
				CLANG_WARN_ENUM_CONVERSION = YES;
				CLANG_WARN_INFINITE_RECURSION = YES;
				CLANG_WARN_INT_CONVERSION = YES;
				CLANG_WARN_NON_LITERAL_NULL_CONVERSION = YES;
				CLANG_WARN_OBJC_IMPLICIT_RETAIN_SELF = YES;
				CLANG_WARN_OBJC_LITERAL_CONVERSION = YES;
				CLANG_WARN_OBJC_ROOT_CLASS = YES_ERROR;
				CLANG_WARN_QUOTED_INCLUDE_IN_FRAMEWORK_HEADER = YES;
				CLANG_WARN_RANGE_LOOP_ANALYSIS = YES;
				CLANG_WARN_STRICT_PROTOTYPES = YES;
				CLANG_WARN_SUSPICIOUS_MOVE = YES;
				CLANG_WARN_UNGUARDED_AVAILABILITY = YES_AGGRESSIVE;
				CLANG_WARN_UNREACHABLE_CODE = YES;
				CLANG_WARN__DUPLICATE_METHOD_MATCH = YES;
				COPY_PHASE_STRIP = NO;
				DEBUG_INFORMATION_FORMAT = dwarf;
				ENABLE_STRICT_OBJC_MSGSEND = YES;
				ENABLE_TESTABILITY = YES;
				ENABLE_USER_SCRIPT_SANDBOXING = YES;
				GCC_C_LANGUAGE_STANDARD = gnu17;
				GCC_DYNAMIC_NO_PIC = NO;
				GCC_NO_COMMON_BLOCKS = YES;
				GCC_OPTIMIZATION_LEVEL = 0;
				GCC_PREPROCESSOR_DEFINITIONS = (
					"DEBUG=1",
					"$(inherited)",
				);
				GCC_WARN_64_TO_32_BIT_CONVERSION = YES;
				GCC_WARN_ABOUT_RETURN_TYPE = YES_ERROR;
				GCC_WARN_UNDECLARED_SELECTOR = YES;
				GCC_WARN_UNINITIALIZED_AUTOS = YES_AGGRESSIVE;
				GCC_WARN_UNUSED_FUNCTION = YES;
				GCC_WARN_UNUSED_VARIABLE = YES;
				IPHONEOS_DEPLOYMENT_TARGET = 17.2;
				LOCALIZATION_PREFERS_STRING_CATALOGS = YES;
				MTL_ENABLE_DEBUG_INFO = INCLUDE_SOURCE;
				MTL_FAST_MATH = YES;
				ONLY_ACTIVE_ARCH = YES;
				SDKROOT = iphoneos;
				SWIFT_ACTIVE_COMPILATION_CONDITIONS = "DEBUG $(inherited)";
				SWIFT_OPTIMIZATION_LEVEL = "-Onone";
			};
			name = Debug;
		};
		AC63CE402B7355A5004C18F8 /* Release */ = {
			isa = XCBuildConfiguration;
			buildSettings = {
				ALWAYS_SEARCH_USER_PATHS = NO;
				ASSETCATALOG_COMPILER_GENERATE_SWIFT_ASSET_SYMBOL_EXTENSIONS = YES;
				CLANG_ANALYZER_NONNULL = YES;
				CLANG_ANALYZER_NUMBER_OBJECT_CONVERSION = YES_AGGRESSIVE;
				CLANG_CXX_LANGUAGE_STANDARD = "gnu++20";
				CLANG_ENABLE_MODULES = YES;
				CLANG_ENABLE_OBJC_ARC = YES;
				CLANG_ENABLE_OBJC_WEAK = YES;
				CLANG_WARN_BLOCK_CAPTURE_AUTORELEASING = YES;
				CLANG_WARN_BOOL_CONVERSION = YES;
				CLANG_WARN_COMMA = YES;
				CLANG_WARN_CONSTANT_CONVERSION = YES;
				CLANG_WARN_DEPRECATED_OBJC_IMPLEMENTATIONS = YES;
				CLANG_WARN_DIRECT_OBJC_ISA_USAGE = YES_ERROR;
				CLANG_WARN_DOCUMENTATION_COMMENTS = YES;
				CLANG_WARN_EMPTY_BODY = YES;
				CLANG_WARN_ENUM_CONVERSION = YES;
				CLANG_WARN_INFINITE_RECURSION = YES;
				CLANG_WARN_INT_CONVERSION = YES;
				CLANG_WARN_NON_LITERAL_NULL_CONVERSION = YES;
				CLANG_WARN_OBJC_IMPLICIT_RETAIN_SELF = YES;
				CLANG_WARN_OBJC_LITERAL_CONVERSION = YES;
				CLANG_WARN_OBJC_ROOT_CLASS = YES_ERROR;
				CLANG_WARN_QUOTED_INCLUDE_IN_FRAMEWORK_HEADER = YES;
				CLANG_WARN_RANGE_LOOP_ANALYSIS = YES;
				CLANG_WARN_STRICT_PROTOTYPES = YES;
				CLANG_WARN_SUSPICIOUS_MOVE = YES;
				CLANG_WARN_UNGUARDED_AVAILABILITY = YES_AGGRESSIVE;
				CLANG_WARN_UNREACHABLE_CODE = YES;
				CLANG_WARN__DUPLICATE_METHOD_MATCH = YES;
				COPY_PHASE_STRIP = NO;
				DEBUG_INFORMATION_FORMAT = "dwarf-with-dsym";
				ENABLE_NS_ASSERTIONS = NO;
				ENABLE_STRICT_OBJC_MSGSEND = YES;
				ENABLE_USER_SCRIPT_SANDBOXING = YES;
				GCC_C_LANGUAGE_STANDARD = gnu17;
				GCC_NO_COMMON_BLOCKS = YES;
				GCC_WARN_64_TO_32_BIT_CONVERSION = YES;
				GCC_WARN_ABOUT_RETURN_TYPE = YES_ERROR;
				GCC_WARN_UNDECLARED_SELECTOR = YES;
				GCC_WARN_UNINITIALIZED_AUTOS = YES_AGGRESSIVE;
				GCC_WARN_UNUSED_FUNCTION = YES;
				GCC_WARN_UNUSED_VARIABLE = YES;
				IPHONEOS_DEPLOYMENT_TARGET = 17.2;
				LOCALIZATION_PREFERS_STRING_CATALOGS = YES;
				MTL_ENABLE_DEBUG_INFO = NO;
				MTL_FAST_MATH = YES;
				SDKROOT = iphoneos;
				SWIFT_COMPILATION_MODE = wholemodule;
				VALIDATE_PRODUCT = YES;
			};
			name = Release;
		};
		AC63CE422B7355A5004C18F8 /* Debug */ = {
			isa = XCBuildConfiguration;
			buildSettings = {
				ASSETCATALOG_COMPILER_APPICON_NAME = AppIcon;
				ASSETCATALOG_COMPILER_GLOBAL_ACCENT_COLOR_NAME = AccentColor;
				CODE_SIGN_STYLE = Automatic;
				CURRENT_PROJECT_VERSION = 1;
				DEVELOPMENT_TEAM = 4LHNY2FHRA;
				GENERATE_INFOPLIST_FILE = YES;
				INFOPLIST_FILE = ChatIM/Info.plist;
				INFOPLIST_KEY_UIApplicationSupportsIndirectInputEvents = YES;
				INFOPLIST_KEY_UILaunchStoryboardName = LaunchScreen;
				INFOPLIST_KEY_UIMainStoryboardFile = Main;
				INFOPLIST_KEY_UISupportedInterfaceOrientations_iPad = "UIInterfaceOrientationPortrait UIInterfaceOrientationPortraitUpsideDown UIInterfaceOrientationLandscapeLeft UIInterfaceOrientationLandscapeRight";
				INFOPLIST_KEY_UISupportedInterfaceOrientations_iPhone = "UIInterfaceOrientationPortrait UIInterfaceOrientationLandscapeLeft UIInterfaceOrientationLandscapeRight";
				LD_RUNPATH_SEARCH_PATHS = (
					"$(inherited)",
					"@executable_path/Frameworks",
				);
				MARKETING_VERSION = 1.0;
				PRODUCT_BUNDLE_IDENTIFIER = com.bhagyaraju.ChatIM;
				PRODUCT_NAME = "$(TARGET_NAME)";
				SWIFT_EMIT_LOC_STRINGS = YES;
				SWIFT_VERSION = 5.0;
				TARGETED_DEVICE_FAMILY = "1,2";
			};
			name = Debug;
		};
		AC63CE432B7355A5004C18F8 /* Release */ = {
			isa = XCBuildConfiguration;
			buildSettings = {
				ASSETCATALOG_COMPILER_APPICON_NAME = AppIcon;
				ASSETCATALOG_COMPILER_GLOBAL_ACCENT_COLOR_NAME = AccentColor;
				CODE_SIGN_STYLE = Automatic;
				CURRENT_PROJECT_VERSION = 1;
				DEVELOPMENT_TEAM = 4LHNY2FHRA;
				GENERATE_INFOPLIST_FILE = YES;
				INFOPLIST_FILE = ChatIM/Info.plist;
				INFOPLIST_KEY_UIApplicationSupportsIndirectInputEvents = YES;
				INFOPLIST_KEY_UILaunchStoryboardName = LaunchScreen;
				INFOPLIST_KEY_UIMainStoryboardFile = Main;
				INFOPLIST_KEY_UISupportedInterfaceOrientations_iPad = "UIInterfaceOrientationPortrait UIInterfaceOrientationPortraitUpsideDown UIInterfaceOrientationLandscapeLeft UIInterfaceOrientationLandscapeRight";
				INFOPLIST_KEY_UISupportedInterfaceOrientations_iPhone = "UIInterfaceOrientationPortrait UIInterfaceOrientationLandscapeLeft UIInterfaceOrientationLandscapeRight";
				LD_RUNPATH_SEARCH_PATHS = (
					"$(inherited)",
					"@executable_path/Frameworks",
				);
				MARKETING_VERSION = 1.0;
				PRODUCT_BUNDLE_IDENTIFIER = com.bhagyaraju.ChatIM;
				PRODUCT_NAME = "$(TARGET_NAME)";
				SWIFT_EMIT_LOC_STRINGS = YES;
				SWIFT_VERSION = 5.0;
				TARGETED_DEVICE_FAMILY = "1,2";
			};
			name = Release;
		};
		AC63CE452B7355A5004C18F8 /* Debug */ = {
			isa = XCBuildConfiguration;
			buildSettings = {
				ALWAYS_EMBED_SWIFT_STANDARD_LIBRARIES = YES;
				BUNDLE_LOADER = "$(TEST_HOST)";
				CODE_SIGN_STYLE = Automatic;
				CURRENT_PROJECT_VERSION = 1;
				DEVELOPMENT_TEAM = 4LHNY2FHRA;
				GENERATE_INFOPLIST_FILE = YES;
				IPHONEOS_DEPLOYMENT_TARGET = 17.2;
				MARKETING_VERSION = 1.0;
				PRODUCT_BUNDLE_IDENTIFIER = com.bhagyaraju.ChatIMTests;
				PRODUCT_NAME = "$(TARGET_NAME)";
				SWIFT_EMIT_LOC_STRINGS = NO;
				SWIFT_VERSION = 5.0;
				TARGETED_DEVICE_FAMILY = "1,2";
				TEST_HOST = "$(BUILT_PRODUCTS_DIR)/ChatIM.app/$(BUNDLE_EXECUTABLE_FOLDER_PATH)/ChatIM";
			};
			name = Debug;
		};
		AC63CE462B7355A5004C18F8 /* Release */ = {
			isa = XCBuildConfiguration;
			buildSettings = {
				ALWAYS_EMBED_SWIFT_STANDARD_LIBRARIES = YES;
				BUNDLE_LOADER = "$(TEST_HOST)";
				CODE_SIGN_STYLE = Automatic;
				CURRENT_PROJECT_VERSION = 1;
				DEVELOPMENT_TEAM = 4LHNY2FHRA;
				GENERATE_INFOPLIST_FILE = YES;
				IPHONEOS_DEPLOYMENT_TARGET = 17.2;
				MARKETING_VERSION = 1.0;
				PRODUCT_BUNDLE_IDENTIFIER = com.bhagyaraju.ChatIMTests;
				PRODUCT_NAME = "$(TARGET_NAME)";
				SWIFT_EMIT_LOC_STRINGS = NO;
				SWIFT_VERSION = 5.0;
				TARGETED_DEVICE_FAMILY = "1,2";
				TEST_HOST = "$(BUILT_PRODUCTS_DIR)/ChatIM.app/$(BUNDLE_EXECUTABLE_FOLDER_PATH)/ChatIM";
			};
			name = Release;
		};
		AC63CE482B7355A5004C18F8 /* Debug */ = {
			isa = XCBuildConfiguration;
			buildSettings = {
				ALWAYS_EMBED_SWIFT_STANDARD_LIBRARIES = YES;
				CODE_SIGN_STYLE = Automatic;
				CURRENT_PROJECT_VERSION = 1;
				DEVELOPMENT_TEAM = 4LHNY2FHRA;
				GENERATE_INFOPLIST_FILE = YES;
				MARKETING_VERSION = 1.0;
				PRODUCT_BUNDLE_IDENTIFIER = com.bhagyaraju.ChatIMUITests;
				PRODUCT_NAME = "$(TARGET_NAME)";
				SWIFT_EMIT_LOC_STRINGS = NO;
				SWIFT_VERSION = 5.0;
				TARGETED_DEVICE_FAMILY = "1,2";
				TEST_TARGET_NAME = ChatIM;
			};
			name = Debug;
		};
		AC63CE492B7355A5004C18F8 /* Release */ = {
			isa = XCBuildConfiguration;
			buildSettings = {
				ALWAYS_EMBED_SWIFT_STANDARD_LIBRARIES = YES;
				CODE_SIGN_STYLE = Automatic;
				CURRENT_PROJECT_VERSION = 1;
				DEVELOPMENT_TEAM = 4LHNY2FHRA;
				GENERATE_INFOPLIST_FILE = YES;
				MARKETING_VERSION = 1.0;
				PRODUCT_BUNDLE_IDENTIFIER = com.bhagyaraju.ChatIMUITests;
				PRODUCT_NAME = "$(TARGET_NAME)";
				SWIFT_EMIT_LOC_STRINGS = NO;
				SWIFT_VERSION = 5.0;
				TARGETED_DEVICE_FAMILY = "1,2";
				TEST_TARGET_NAME = ChatIM;
			};
			name = Release;
		};
/* End XCBuildConfiguration section */

/* Begin XCConfigurationList section */
		AC63CE122B7355A4004C18F8 /* Build configuration list for PBXProject "ChatIM" */ = {
			isa = XCConfigurationList;
			buildConfigurations = (
				AC63CE3F2B7355A5004C18F8 /* Debug */,
				AC63CE402B7355A5004C18F8 /* Release */,
			);
			defaultConfigurationIsVisible = 0;
			defaultConfigurationName = Release;
		};
		AC63CE412B7355A5004C18F8 /* Build configuration list for PBXNativeTarget "ChatIM" */ = {
			isa = XCConfigurationList;
			buildConfigurations = (
				AC63CE422B7355A5004C18F8 /* Debug */,
				AC63CE432B7355A5004C18F8 /* Release */,
			);
			defaultConfigurationIsVisible = 0;
			defaultConfigurationName = Release;
		};
		AC63CE442B7355A5004C18F8 /* Build configuration list for PBXNativeTarget "ChatIMTests" */ = {
			isa = XCConfigurationList;
			buildConfigurations = (
				AC63CE452B7355A5004C18F8 /* Debug */,
				AC63CE462B7355A5004C18F8 /* Release */,
			);
			defaultConfigurationIsVisible = 0;
			defaultConfigurationName = Release;
		};
		AC63CE472B7355A5004C18F8 /* Build configuration list for PBXNativeTarget "ChatIMUITests" */ = {
			isa = XCConfigurationList;
			buildConfigurations = (
				AC63CE482B7355A5004C18F8 /* Debug */,
				AC63CE492B7355A5004C18F8 /* Release */,
			);
			defaultConfigurationIsVisible = 0;
			defaultConfigurationName = Release;
		};
/* End XCConfigurationList section */
	};
	rootObject = AC63CE0F2B7355A4004C18F8 /* Project object */;
}
